<?xml version="1.0" encoding="utf-8"?>
<Project ToolsVersion="4.0" xmlns="http://schemas.microsoft.com/developer/msbuild/2003">
  <ItemGroup>
    <FxCompile Include="ps_debug_color.hlsl">
      <Filter>hlsl</Filter>
    </FxCompile>
    <FxCompile Include="ps_hpber.hlsl">
      <Filter>hlsl</Filter>
    </FxCompile>
    <FxCompile Include="ps_main.hlsl">
      <Filter>hlsl</Filter>
    </FxCompile>
    <FxCompile Include="ps_outgauge.hlsl">
      <Filter>hlsl</Filter>
    </FxCompile>
    <FxCompile Include="ps_gauge.hlsl">
      <Filter>hlsl</Filter>
    </FxCompile>
    <FxCompile Include="vs_main.hlsl">
      <Filter>hlsl</Filter>
    </FxCompile>
    <FxCompile Include="ps_singlegauge.hlsl">
      <Filter>hlsl</Filter>
    </FxCompile>
  </ItemGroup>
  <ItemGroup>
    <ClCompile Include="attack.cpp">
      <Filter>cpp</Filter>
    </ClCompile>
    <ClCompile Include="Audio.cpp">
      <Filter>cpp</Filter>
    </ClCompile>
    <ClCompile Include="Ball.cpp">
      <Filter>cpp</Filter>
    </ClCompile>
    <ClCompile Include="Build.cpp">
      <Filter>cpp</Filter>
    </ClCompile>
    <ClCompile Include="Building.cpp">
      <Filter>cpp</Filter>
    </ClCompile>
    <ClCompile Include="Camera.cpp">
      <Filter>cpp</Filter>
    </ClCompile>
    <ClCompile Include="collider.cpp">
      <Filter>cpp</Filter>
    </ClCompile>
    <ClCompile Include="DamageText.cpp">
      <Filter>cpp</Filter>
    </ClCompile>
    <ClCompile Include="debug_ostream.cpp">
      <Filter>cpp</Filter>
    </ClCompile>
    <ClCompile Include="debug_render.cpp">
      <Filter>cpp</Filter>
    </ClCompile>
    <ClCompile Include="direct3d.cpp">
      <Filter>cpp</Filter>
    </ClCompile>
    <ClCompile Include="Effect.cpp">
      <Filter>cpp</Filter>
    </ClCompile>
    <ClCompile Include="fade.cpp">
      <Filter>cpp</Filter>
    </ClCompile>
    <ClCompile Include="field.cpp">
      <Filter>cpp</Filter>
    </ClCompile>
    <ClCompile Include="Game.cpp">
      <Filter>cpp</Filter>
    </ClCompile>
    <ClCompile Include="gauge.cpp">
      <Filter>cpp</Filter>
    </ClCompile>
    <ClCompile Include="hp.cpp">
      <Filter>cpp</Filter>
    </ClCompile>
    <ClCompile Include="keyboard.cpp">
      <Filter>cpp</Filter>
    </ClCompile>
    <ClCompile Include="input.cpp">
      <Filter>cpp</Filter>
    </ClCompile>
    <ClCompile Include="LoadingScreen.cpp">
      <Filter>cpp</Filter>
    </ClCompile>
    <ClCompile Include="main.cpp">
      <Filter>cpp</Filter>
    </ClCompile>
    <ClCompile Include="makeText.cpp">
      <Filter>cpp</Filter>
    </ClCompile>
    <ClCompile Include="Manager.cpp">
      <Filter>cpp</Filter>
    </ClCompile>
    <ClCompile Include="model.cpp">
      <Filter>cpp</Filter>
    </ClCompile>
    <ClCompile Include="p.cpp">
      <Filter>cpp</Filter>
    </ClCompile>
    <ClCompile Include="player.cpp">
      <Filter>cpp</Filter>
    </ClCompile>
    <ClCompile Include="polygon.cpp">
      <Filter>cpp</Filter>
    </ClCompile>
    <ClCompile Include="Result.cpp">
      <Filter>cpp</Filter>
    </ClCompile>
    <ClCompile Include="score.cpp">
      <Filter>cpp</Filter>
    </ClCompile>
    <ClCompile Include="Setting.cpp">
      <Filter>cpp</Filter>
    </ClCompile>
    <ClCompile Include="shader.cpp">
      <Filter>cpp</Filter>
    </ClCompile>
    <ClCompile Include="special.cpp">
      <Filter>cpp</Filter>
    </ClCompile>
    <ClCompile Include="Sound.cpp">
      <Filter>cpp</Filter>
    </ClCompile>
    <ClCompile Include="skill.cpp">
      <Filter>cpp</Filter>
    </ClCompile>
    <ClCompile Include="sprite.cpp">
      <Filter>cpp</Filter>
    </ClCompile>
    <ClCompile Include="Start.cpp">
      <Filter>cpp</Filter>
    </ClCompile>
    <ClCompile Include="swipe.cpp">
      <Filter>cpp</Filter>
    </ClCompile>
    <ClCompile Include="Title.cpp">
      <Filter>cpp</Filter>
    </ClCompile>
    <ClCompile Include="VideoTexture.cpp">
      <Filter>cpp</Filter>
    </ClCompile>
    <ClCompile Include="imgui_impl_win32.cpp">
      <Filter>外部ファイル</Filter>
    </ClCompile>
    <ClCompile Include="imgui_impl_dx11.cpp">
      <Filter>外部ファイル</Filter>
    </ClCompile>
    <ClCompile Include="imgui_widgets.cpp">
      <Filter>外部ファイル</Filter>
    </ClCompile>
    <ClCompile Include="imgui_tables.cpp">
      <Filter>外部ファイル</Filter>
    </ClCompile>
    <ClCompile Include="imgui.cpp">
      <Filter>外部ファイル</Filter>
    </ClCompile>
    <ClCompile Include="imgui_demo.cpp">
      <Filter>外部ファイル</Filter>
    </ClCompile>
    <ClCompile Include="imgui_draw.cpp">
      <Filter>外部ファイル</Filter>
    </ClCompile>
    <ClCompile Include="gamepad.cpp" />
  </ItemGroup>
  <ItemGroup>
    <ClInclude Include="attack.h">
      <Filter>h</Filter>
    </ClInclude>
    <ClInclude Include="Audio.h">
      <Filter>h</Filter>
    </ClInclude>
    <ClInclude Include="Ball.h">
      <Filter>h</Filter>
    </ClInclude>
    <ClInclude Include="Build.h">
      <Filter>h</Filter>
    </ClInclude>
    <ClInclude Include="Building.h">
      <Filter>h</Filter>
    </ClInclude>
    <ClInclude Include="Camera.h">
      <Filter>h</Filter>
    </ClInclude>
    <ClInclude Include="collider.h">
      <Filter>h</Filter>
    </ClInclude>
    <ClInclude Include="color.h">
      <Filter>h</Filter>
    </ClInclude>
    <ClInclude Include="DamageText.h">
      <Filter>h</Filter>
    </ClInclude>
    <ClInclude Include="debug_render.h">
      <Filter>h</Filter>
    </ClInclude>
    <ClInclude Include="direct3d.h">
      <Filter>h</Filter>
    </ClInclude>
    <ClInclude Include="debug_ostream.h">
      <Filter>h</Filter>
    </ClInclude>
    <ClInclude Include="Effect.h">
      <Filter>h</Filter>
    </ClInclude>
    <ClInclude Include="field.h">
      <Filter>h</Filter>
    </ClInclude>
    <ClInclude Include="Game.h">
      <Filter>h</Filter>
    </ClInclude>
    <ClInclude Include="fade.h">
      <Filter>h</Filter>
    </ClInclude>
    <ClInclude Include="gauge.h">
      <Filter>h</Filter>
    </ClInclude>
    <ClInclude Include="hp.h">
      <Filter>h</Filter>
    </ClInclude>
    <ClInclude Include="input.h">
      <Filter>h</Filter>
    </ClInclude>
    <ClInclude Include="keyboard.h">
      <Filter>h</Filter>
    </ClInclude>
    <ClInclude Include="Manager.h">
      <Filter>h</Filter>
    </ClInclude>
    <ClInclude Include="LoadingScreen.h">
      <Filter>h</Filter>
    </ClInclude>
    <ClInclude Include="model.h">
      <Filter>h</Filter>
    </ClInclude>
    <ClInclude Include="makeText.h">
      <Filter>h</Filter>
    </ClInclude>
    <ClInclude Include="p.h">
      <Filter>h</Filter>
    </ClInclude>
    <ClInclude Include="player.h">
      <Filter>h</Filter>
    </ClInclude>
    <ClInclude Include="polygon.h">
      <Filter>h</Filter>
    </ClInclude>
    <ClInclude Include="Result.h">
      <Filter>h</Filter>
    </ClInclude>
    <ClInclude Include="score.h">
      <Filter>h</Filter>
    </ClInclude>
    <ClInclude Include="Setting.h">
      <Filter>h</Filter>
    </ClInclude>
    <ClInclude Include="shader.h">
      <Filter>h</Filter>
    </ClInclude>
    <ClInclude Include="skill.h">
      <Filter>h</Filter>
    </ClInclude>
    <ClInclude Include="Sound.h">
      <Filter>h</Filter>
    </ClInclude>
    <ClInclude Include="special.h">
      <Filter>h</Filter>
    </ClInclude>
    <ClInclude Include="sprite.h">
      <Filter>h</Filter>
    </ClInclude>
    <ClInclude Include="Start.h">
      <Filter>h</Filter>
    </ClInclude>
    <ClInclude Include="swipe.h">
      <Filter>h</Filter>
    </ClInclude>
    <ClInclude Include="VideoTexture.h">
      <Filter>h</Filter>
    </ClInclude>
    <ClInclude Include="Title.h">
      <Filter>h</Filter>
    </ClInclude>
    <ClInclude Include="imstb_truetype.h">
      <Filter>外部ファイル</Filter>
    </ClInclude>
    <ClInclude Include="imgui_internal.h">
      <Filter>外部ファイル</Filter>
    </ClInclude>
    <ClInclude Include="imstb_rectpack.h">
      <Filter>外部ファイル</Filter>
    </ClInclude>
    <ClInclude Include="imstb_textedit.h">
      <Filter>外部ファイル</Filter>
    </ClInclude>
    <ClInclude Include="imgui_impl_dx11.h">
      <Filter>外部ファイル</Filter>
    </ClInclude>
    <ClInclude Include="imgui_impl_win32.h">
      <Filter>外部ファイル</Filter>
    </ClInclude>
    <ClInclude Include="imconfig.h">
      <Filter>外部ファイル</Filter>
    </ClInclude>
    <ClInclude Include="imgui.h">
      <Filter>外部ファイル</Filter>
    </ClInclude>
    <ClInclude Include="gamepad.h" />
  </ItemGroup>
  <ItemGroup>
    <Filter Include="cpp">
      <UniqueIdentifier>{7f95aec1-b91f-4152-8fbc-6fac682f20fa}</UniqueIdentifier>
    </Filter>
    <Filter Include="h">
      <UniqueIdentifier>{6432bd18-925f-42dd-a3a4-0e0020d96dd0}</UniqueIdentifier>
    </Filter>
    <Filter Include="hlsl">
      <UniqueIdentifier>{6e6ac307-791f-4b8b-8a1f-c48463a33e90}</UniqueIdentifier>
    </Filter>
    <Filter Include="外部ファイル">
      <UniqueIdentifier>{aaa95887-bd33-4706-a05a-1c1c92ca295d}</UniqueIdentifier>
    </Filter>
  </ItemGroup>
  <ItemGroup>
    <None Include="imgui.ini">
      <Filter>外部ファイル</Filter>
    </None>
    <None Include="Effect" />
  </ItemGroup>
</Project>