<?xml version="1.0" encoding="utf-8"?>
<Project ToolsVersion="4.0" xmlns="http://schemas.microsoft.com/developer/msbuild/2003">
  <ItemGroup>
    <FxCompile Include="ps_hpber.hlsl" />
    <FxCompile Include="ps_gauge.hlsl" />
    <FxCompile Include="ps_outgauge.hlsl" />
    <FxCompile Include="ps_main.hlsl" />
    <FxCompile Include="ps_debug_color.hlsl" />
    <FxCompile Include="vs_main.hlsl" />
  </ItemGroup>
  <ItemGroup>
    <ClCompile Include="attack.cpp" />
    <ClCompile Include="Audio.cpp" />
    <ClCompile Include="Ball.cpp" />
    <ClCompile Include="Build.cpp" />
    <ClCompile Include="Building.cpp" />
    <ClCompile Include="Camera.cpp" />
    <ClCompile Include="collider.cpp" />
    <ClCompile Include="debug_ostream.cpp" />
    <ClCompile Include="debug_render.cpp" />
    <ClCompile Include="direct3d.cpp" />
    <ClCompile Include="Effect.cpp" />
    <ClCompile Include="fade.cpp" />
    <ClCompile Include="field.cpp" />
    <ClCompile Include="Game.cpp" />
    <ClCompile Include="gauge.cpp" />
    <ClCompile Include="hp.cpp" />
    <ClCompile Include="imgui.cpp" />
    <ClCompile Include="imgui_demo.cpp" />
    <ClCompile Include="imgui_draw.cpp" />
    <ClCompile Include="imgui_impl_dx11.cpp" />
    <ClCompile Include="imgui_impl_win32.cpp" />
    <ClCompile Include="imgui_tables.cpp" />
    <ClCompile Include="imgui_widgets.cpp" />
    <ClCompile Include="input.cpp" />
    <ClCompile Include="keyboard.cpp" />
    <ClCompile Include="main.cpp" />
    <ClCompile Include="makeText.cpp" />
    <ClCompile Include="Manager.cpp" />
    <ClCompile Include="model.cpp" />
    <ClCompile Include="p.cpp" />
    <ClCompile Include="polygon.cpp" />
    <ClCompile Include="Polygon3D.cpp" />
    <ClCompile Include="Result.cpp" />
    <ClCompile Include="score.cpp" />
    <ClCompile Include="Setting.cpp" />
    <ClCompile Include="shader.cpp" />
    <ClCompile Include="skill.cpp" />
    <ClCompile Include="Sound.cpp" />
    <ClCompile Include="special.cpp" />
    <ClCompile Include="sprite.cpp" />
    <ClCompile Include="Start.cpp" />
    <ClCompile Include="Title.cpp" />
    <ClCompile Include="DamageText.cpp" />
    <ClCompile Include="swipe.cpp" />
    <ClCompile Include="VideoTexture.cpp" />
    <ClCompile Include="LoadingScreen.cpp" />
    <ClCompile Include="SkyBall.cpp" />
  </ItemGroup>
  <ItemGroup>
    <ClInclude Include="attack.h" />
    <ClInclude Include="Audio.h" />
    <ClInclude Include="Ball.h" />
    <ClInclude Include="Build.h" />
    <ClInclude Include="Building.h" />
    <ClInclude Include="Camera.h" />
    <ClInclude Include="collider.h" />
    <ClInclude Include="color.h" />
    <ClInclude Include="debug_ostream.h" />
    <ClInclude Include="debug_render.h" />
    <ClInclude Include="direct3d.h" />
    <ClInclude Include="Effect.h" />
    <ClInclude Include="fade.h" />
    <ClInclude Include="field.h" />
    <ClInclude Include="Game.h" />
    <ClInclude Include="gauge.h" />
    <ClInclude Include="hp.h" />
    <ClInclude Include="imconfig.h" />
    <ClInclude Include="imgui.h" />
    <ClInclude Include="imgui_impl_dx11.h" />
    <ClInclude Include="imgui_impl_win32.h" />
    <ClInclude Include="imgui_internal.h" />
    <ClInclude Include="imstb_rectpack.h" />
    <ClInclude Include="imstb_textedit.h" />
    <ClInclude Include="imstb_truetype.h" />
    <ClInclude Include="input.h" />
    <ClInclude Include="keyboard.h" />
    <ClInclude Include="makeText.h" />
    <ClInclude Include="Manager.h" />
    <ClInclude Include="model.h" />
    <ClInclude Include="p.h" />
    <ClInclude Include="polygon.h" />
    <ClInclude Include="Polygon3D.h" />
    <ClInclude Include="Result.h" />
    <ClInclude Include="score.h" />
    <ClInclude Include="Setting.h" />
    <ClInclude Include="shader.h" />
    <ClInclude Include="skill.h" />
    <ClInclude Include="Sound.h" />
    <ClInclude Include="special.h" />
    <ClInclude Include="sprite.h" />
    <ClInclude Include="Start.h" />
    <ClInclude Include="Title.h" />
    <ClInclude Include="DamageText.h" />
    <ClInclude Include="swipe.h" />
    <ClInclude Include="VideoTexture.h" />
    <ClInclude Include="LoadingScreen.h" />
    <ClInclude Include="SkyBall.h" />
  </ItemGroup>
  <ItemGroup>
    <None Include="imgui.ini" />
  </ItemGroup>
</Project>